
Microsoft Visual Studio Solution File, Format Version 12.00
# Visual Studio Version 17
VisualStudioVersion = 17.5.33516.290
MinimumVisualStudioVersion = 10.0.40219.1
Project("{FAE04EC0-301F-11D3-BF4B-00C04F79EFBC}") = "QuizerServer", "QuizerServer\QuizerServer.csproj", "{0895CDD6-01E6-4EB2-B7DD-851017E483FA}"
EndProject
Global
	GlobalSection(SolutionConfigurationPlatforms) = preSolution
		Debug|Any CPU = Debug|Any CPU
		Release|Any CPU = Release|Any CPU
	EndGlobalSection
	GlobalSection(ProjectConfigurationPlatforms) = postSolution
		{0895CDD6-01E6-4EB2-B7DD-851017E483FA}.Debug|Any CPU.ActiveCfg = Debug|Any CPU
		{0895CDD6-01E6-4EB2-B7DD-851017E483FA}.Debug|Any CPU.Build.0 = Debug|Any CPU
		{0895CDD6-01E6-4EB2-B7DD-851017E483FA}.Release|Any CPU.ActiveCfg = Release|Any CPU
		{0895CDD6-01E6-4EB2-B7DD-851017E483FA}.Release|Any CPU.Build.0 = Release|Any CPU
	EndGlobalSection
	GlobalSection(SolutionProperties) = preSolution
		HideSolutionNode = FALSE
	EndGlobalSection
	GlobalSection(ExtensibilityGlobals) = postSolution
		SolutionGuid = {BFC40594-7F5B-499C-9307-5E6CA9E10DE1}
	EndGlobalSection
EndGlobal
